
Microsoft Visual Studio Solution File, Format Version 12.00
# Visual Studio Version 17
VisualStudioVersion = 17.14.36301.6
MinimumVisualStudioVersion = 10.0.40219.1
Project("{FAE04EC0-301F-11D3-BF4B-00C04F79EFBC}") = "MiniShop", "MiniShop\MiniShop.csproj", "{CE379961-A2A9-47A2-9FF5-3F95CF9947E4}"
EndProject
Global
	GlobalSection(SolutionConfigurationPlatforms) = preSolution
		Debug|Any CPU = Debug|Any CPU
		Release|Any CPU = Release|Any CPU
	EndGlobalSection
	GlobalSection(ProjectConfigurationPlatforms) = postSolution
		{CE379961-A2A9-47A2-9FF5-3F95CF9947E4}.Debug|Any CPU.ActiveCfg = Debug|Any CPU
		{CE379961-A2A9-47A2-9FF5-3F95CF9947E4}.Debug|Any CPU.Build.0 = Debug|Any CPU
		{CE379961-A2A9-47A2-9FF5-3F95CF9947E4}.Release|Any CPU.ActiveCfg = Release|Any CPU
		{CE379961-A2A9-47A2-9FF5-3F95CF9947E4}.Release|Any CPU.Build.0 = Release|Any CPU
	EndGlobalSection
	GlobalSection(SolutionProperties) = preSolution
		HideSolutionNode = FALSE
	EndGlobalSection
	GlobalSection(ExtensibilityGlobals) = postSolution
		SolutionGuid = {1AB999BF-D5AE-4283-B678-67BF33F32878}
	EndGlobalSection
EndGlobal
